{
  "version": 4,
  "terraform_version": "1.0.11",
  "serial": 1,
  "lineage": "1dd8aa0f-ce2d-c4c7-1775-7ab05921c501",
  "outputs": {},
  "resources": [
    {
      "mode": "managed",
      "type": "aws_kinesis_stream",
      "name": "this",
      "provider": "provider[\"registry.terraform.io/hashicorp/aws\"]",
      "instances": [
        {
          "schema_version": 1,
          "attributes": {
            "arn": "arn:aws:kinesis:us-east-1:011383624955:stream/kinesis-stream-test",
            "encryption_type": "NONE",
            "enforce_consumer_deletion": false,
            "id": "arn:aws:kinesis:us-east-1:011383624955:stream/kinesis-stream-test",
            "kms_key_id": "",
            "name": "kinesis-stream-test",
            "retention_period": 48,
            "shard_count": 1,
            "shard_level_metrics": [
              "IncomingBytes",
              "OutgoingBytes"
            ],
            "tags": {
              "env": "test"
            },
            "tags_all": {
              "env": "test"
            },
            "timeouts": null
          },
          "sensitive_attributes": [],
          "private": "eyJlMmJmYjczMC1lY2FhLTExZTYtOGY4OC0zNDM2M2JjN2M0YzAiOnsiY3JlYXRlIjozMDAwMDAwMDAwMDAsImRlbGV0ZSI6NzIwMDAwMDAwMDAwMCwidXBkYXRlIjo3MjAwMDAwMDAwMDAwfSwic2NoZW1hX3ZlcnNpb24iOiIxIn0="
        }
      ]
    }
  ]
}
