{
  "version": 4,
  "terraform_version": "1.0.11",
  "serial": 7,
  "lineage": "77b76932-680d-fca1-0222-847334c2a773",
  "outputs": {},
  "resources": [
    {
      "mode": "data",
      "type": "aws_caller_identity",
      "name": "current",
      "provider": "provider[\"registry.terraform.io/hashicorp/aws\"]",
      "instances": [
        {
          "schema_version": 0,
          "attributes": {
            "account_id": "753813044468",
            "arn": "arn:aws:iam::753813044468:user/cloud_user",
            "id": "753813044468",
            "user_id": "AIDA27AWCHT2EOBUL5KRJ"
          },
          "sensitive_attributes": []
        }
      ]
    },
    {
      "mode": "data",
      "type": "aws_region",
      "name": "current",
      "provider": "provider[\"registry.terraform.io/hashicorp/aws\"]",
      "instances": [
        {
          "schema_version": 0,
          "attributes": {
            "description": "US East (N. Virginia)",
            "endpoint": "ec2.us-east-1.amazonaws.com",
            "id": "us-east-1",
            "name": "us-east-1"
          },
          "sensitive_attributes": []
        }
      ]
    },
    {
      "module": "module.aws_es",
      "mode": "data",
      "type": "aws_kms_key",
      "name": "aws_es",
      "provider": "provider[\"registry.terraform.io/hashicorp/aws\"]",
      "instances": [
        {
          "schema_version": 0,
          "attributes": {
            "arn": "arn:aws:kms:us-east-1:753813044468:key/7bf7caee-4783-4996-a483-0c11993c58d7",
            "aws_account_id": "753813044468",
            "creation_date": "2021-11-29T06:19:06Z",
            "customer_master_key_spec": "SYMMETRIC_DEFAULT",
            "deletion_date": null,
            "description": "Default key that protects my Amazon OpenSearch Service (successor to Amazon Elasticsearch Service) data when no other key is defined",
            "enabled": true,
            "expiration_model": "",
            "grant_tokens": null,
            "id": "7bf7caee-4783-4996-a483-0c11993c58d7",
            "key_id": "alias/aws/es",
            "key_manager": "AWS",
            "key_state": "Enabled",
            "key_usage": "ENCRYPT_DECRYPT",
            "multi_region": false,
            "multi_region_configuration": [],
            "origin": "AWS_KMS",
            "valid_to": null
          },
          "sensitive_attributes": []
        }
      ]
    },
    {
      "module": "module.aws_es",
      "mode": "managed",
      "type": "aws_cloudwatch_log_group",
      "name": "es_cloudwatch_log_group",
      "provider": "provider[\"registry.terraform.io/hashicorp/aws\"]",
      "instances": []
    },
    {
      "module": "module.aws_es",
      "mode": "managed",
      "type": "aws_cloudwatch_log_resource_policy",
      "name": "es_aws_cloudwatch_log_resource_policy",
      "provider": "provider[\"registry.terraform.io/hashicorp/aws\"]",
      "instances": [
        {
          "index_key": 0,
          "schema_version": 0,
          "attributes": {
            "id": "elasticsearch-vpc-policy",
            "policy_document": "{\"Version\":\"2012-10-17\",\"Statement\":[{\"Effect\":\"Allow\",\"Principal\":{\"Service\":\"es.amazonaws.com\"},\"Action\":[\"logs:PutLogEvents\",\"logs:PutLogEventsBatch\",\"logs:CreateLogStream\"],\"Resource\":\"arn:aws:logs:*\"}]}",
            "policy_name": "elasticsearch-vpc-policy"
          },
          "sensitive_attributes": [],
          "private": "bnVsbA=="
        }
      ]
    },
    {
      "module": "module.aws_es",
      "mode": "managed",
      "type": "aws_iam_service_linked_role",
      "name": "es",
      "provider": "provider[\"registry.terraform.io/hashicorp/aws\"]",
      "instances": [
        {
          "index_key": 0,
          "schema_version": 0,
          "attributes": {
            "arn": "arn:aws:iam::753813044468:role/aws-service-role/es.amazonaws.com/AWSServiceRoleForAmazonElasticsearchService",
            "aws_service_name": "es.amazonaws.com",
            "create_date": "2021-11-29T06:19:33Z",
            "custom_suffix": "",
            "description": "Service-linked role to give Amazon ES permissions to access your VPC",
            "id": "arn:aws:iam::753813044468:role/aws-service-role/es.amazonaws.com/AWSServiceRoleForAmazonElasticsearchService",
            "name": "AWSServiceRoleForAmazonElasticsearchService",
            "path": "/aws-service-role/es.amazonaws.com/",
            "unique_id": "AROA27AWCHT2LFMMMAKNN"
          },
          "sensitive_attributes": [],
          "private": "bnVsbA=="
        }
      ]
    }
  ]
}
